
Microsoft Visual Studio Solution File, Format Version 12.00
# Visual Studio Version 17
VisualStudioVersion = 17.8.34309.116
MinimumVisualStudioVersion = 10.0.40219.1
Project("{FAE04EC0-301F-11D3-BF4B-00C04F79EFBC}") = "ToDo", "ToDo\ToDo.csproj", "{1166B7D4-2EDF-49B1-B31D-65579D906E67}"
EndProject
Global
	GlobalSection(SolutionConfigurationPlatforms) = preSolution
		Debug|Any CPU = Debug|Any CPU
		Release|Any CPU = Release|Any CPU
	EndGlobalSection
	GlobalSection(ProjectConfigurationPlatforms) = postSolution
		{1166B7D4-2EDF-49B1-B31D-65579D906E67}.Debug|Any CPU.ActiveCfg = Debug|Any CPU
		{1166B7D4-2EDF-49B1-B31D-65579D906E67}.Debug|Any CPU.Build.0 = Debug|Any CPU
		{1166B7D4-2EDF-49B1-B31D-65579D906E67}.Release|Any CPU.ActiveCfg = Release|Any CPU
		{1166B7D4-2EDF-49B1-B31D-65579D906E67}.Release|Any CPU.Build.0 = Release|Any CPU
	EndGlobalSection
	GlobalSection(SolutionProperties) = preSolution
		HideSolutionNode = FALSE
	EndGlobalSection
	GlobalSection(ExtensibilityGlobals) = postSolution
		SolutionGuid = {BA2B9FC2-46F4-4C52-8828-AD0EC478EBD5}
	EndGlobalSection
EndGlobal
